
Microsoft Visual Studio Solution File, Format Version 12.00
# Visual Studio Version 17
VisualStudioVersion = 17.2.32519.379
MinimumVisualStudioVersion = 10.0.40219.1
Project("{9A19103F-16F7-4668-BE54-9A1E7A4F7556}") = "KanyAPI", "KanyAPI.csproj", "{9883CB6F-5617-4883-9943-9838B08BBAAA}"
EndProject
Global
	GlobalSection(SolutionConfigurationPlatforms) = preSolution
		Debug|Any CPU = Debug|Any CPU
		Release|Any CPU = Release|Any CPU
	EndGlobalSection
	GlobalSection(ProjectConfigurationPlatforms) = postSolution
		{9883CB6F-5617-4883-9943-9838B08BBAAA}.Debug|Any CPU.ActiveCfg = Debug|Any CPU
		{9883CB6F-5617-4883-9943-9838B08BBAAA}.Debug|Any CPU.Build.0 = Debug|Any CPU
		{9883CB6F-5617-4883-9943-9838B08BBAAA}.Release|Any CPU.ActiveCfg = Release|Any CPU
		{9883CB6F-5617-4883-9943-9838B08BBAAA}.Release|Any CPU.Build.0 = Release|Any CPU
	EndGlobalSection
	GlobalSection(SolutionProperties) = preSolution
		HideSolutionNode = FALSE
	EndGlobalSection
	GlobalSection(ExtensibilityGlobals) = postSolution
		SolutionGuid = {C03B3580-34C8-4439-A8BC-6E5C52C3CEEB}
	EndGlobalSection
EndGlobal
